
Microsoft Visual Studio Solution File, Format Version 11.00
# Visual Studio 2010
Project("{FAE04EC0-301F-11D3-BF4B-00C04F79EFBC}") = "基于OpenCL的图像隐藏程序", "基于OpenCL的图像隐藏程序\基于OpenCL的图像隐藏程序.csproj", "{18E78FF0-2A7A-49FE-90B7-76926482997D}"
EndProject
Global
	GlobalSection(SolutionConfigurationPlatforms) = preSolution
		Debug|x86 = Debug|x86
		Release|x86 = Release|x86
	EndGlobalSection
	GlobalSection(ProjectConfigurationPlatforms) = postSolution
		{18E78FF0-2A7A-49FE-90B7-76926482997D}.Debug|x86.ActiveCfg = Debug|x86
		{18E78FF0-2A7A-49FE-90B7-76926482997D}.Debug|x86.Build.0 = Debug|x86
		{18E78FF0-2A7A-49FE-90B7-76926482997D}.Release|x86.ActiveCfg = Release|x86
		{18E78FF0-2A7A-49FE-90B7-76926482997D}.Release|x86.Build.0 = Release|x86
	EndGlobalSection
	GlobalSection(SolutionProperties) = preSolution
		HideSolutionNode = FALSE
	EndGlobalSection
EndGlobal
